
Microsoft Visual Studio Solution File, Format Version 12.00
# Visual Studio 15
VisualStudioVersion = 15.0.27130.2010
MinimumVisualStudioVersion = 10.0.40219.1
Project("{9A19103F-16F7-4668-BE54-9A1E7A4F7556}") = "OutCode.EscapeTeams.ObjectRepository", "OutCode.EscapeTeams.ObjectRepository\OutCode.EscapeTeams.ObjectRepository.csproj", "{1611AEF8-0CD6-49C3-B545-18A78185EADC}"
EndProject
Project("{9A19103F-16F7-4668-BE54-9A1E7A4F7556}") = "OutCode.EscapeTeams.ObjectRepository.AzureTableStorage", "OutCode.EscapeTeams.ObjectRepository.AzureTableStorage\OutCode.EscapeTeams.ObjectRepository.AzureTableStorage.csproj", "{C8AD63F7-56C5-4BEF-8B07-05770A4F8A17}"
EndProject
Project("{9A19103F-16F7-4668-BE54-9A1E7A4F7556}") = "OutCode.EscapeTeams.ObjectRepository.Tests", "OutCode.EscapeTeams.ObjectRepository.Tests\OutCode.EscapeTeams.ObjectRepository.Tests.csproj", "{C4EB5579-3BFB-4770-86FA-A4031B4816AE}"
EndProject
Project("{FAE04EC0-301F-11D3-BF4B-00C04F79EFBC}") = "OutCode.EscapeTeams.ObjectRepository.LiteDB", "OutCode.EscapeTeams.ObjectRepository.LiteDB\OutCode.EscapeTeams.ObjectRepository.LiteDB.csproj", "{398FF6EF-D0D9-4C38-A542-73A93952FF00}"
EndProject
Project("{9A19103F-16F7-4668-BE54-9A1E7A4F7556}") = "_build", "..\build\_build.csproj", "{0AADB1E7-813C-4016-BF30-65380EC26CE2}"
EndProject
Global
	GlobalSection(SolutionConfigurationPlatforms) = preSolution
		Debug|Any CPU = Debug|Any CPU
		Release|Any CPU = Release|Any CPU
	EndGlobalSection
	GlobalSection(ProjectConfigurationPlatforms) = postSolution
		{0AADB1E7-813C-4016-BF30-65380EC26CE2}.Debug|Any CPU.ActiveCfg = Debug|Any CPU
		{0AADB1E7-813C-4016-BF30-65380EC26CE2}.Release|Any CPU.ActiveCfg = Release|Any CPU
		{1611AEF8-0CD6-49C3-B545-18A78185EADC}.Debug|Any CPU.ActiveCfg = Debug|Any CPU
		{1611AEF8-0CD6-49C3-B545-18A78185EADC}.Debug|Any CPU.Build.0 = Debug|Any CPU
		{1611AEF8-0CD6-49C3-B545-18A78185EADC}.Release|Any CPU.ActiveCfg = Release|Any CPU
		{1611AEF8-0CD6-49C3-B545-18A78185EADC}.Release|Any CPU.Build.0 = Release|Any CPU
		{C8AD63F7-56C5-4BEF-8B07-05770A4F8A17}.Debug|Any CPU.ActiveCfg = Debug|Any CPU
		{C8AD63F7-56C5-4BEF-8B07-05770A4F8A17}.Debug|Any CPU.Build.0 = Debug|Any CPU
		{C8AD63F7-56C5-4BEF-8B07-05770A4F8A17}.Release|Any CPU.ActiveCfg = Release|Any CPU
		{C8AD63F7-56C5-4BEF-8B07-05770A4F8A17}.Release|Any CPU.Build.0 = Release|Any CPU
		{C4EB5579-3BFB-4770-86FA-A4031B4816AE}.Debug|Any CPU.ActiveCfg = Debug|Any CPU
		{C4EB5579-3BFB-4770-86FA-A4031B4816AE}.Debug|Any CPU.Build.0 = Debug|Any CPU
		{C4EB5579-3BFB-4770-86FA-A4031B4816AE}.Release|Any CPU.ActiveCfg = Release|Any CPU
		{C4EB5579-3BFB-4770-86FA-A4031B4816AE}.Release|Any CPU.Build.0 = Release|Any CPU
		{398FF6EF-D0D9-4C38-A542-73A93952FF00}.Debug|Any CPU.ActiveCfg = Debug|Any CPU
		{398FF6EF-D0D9-4C38-A542-73A93952FF00}.Debug|Any CPU.Build.0 = Debug|Any CPU
		{398FF6EF-D0D9-4C38-A542-73A93952FF00}.Release|Any CPU.ActiveCfg = Release|Any CPU
		{398FF6EF-D0D9-4C38-A542-73A93952FF00}.Release|Any CPU.Build.0 = Release|Any CPU
	EndGlobalSection
	GlobalSection(SolutionProperties) = preSolution
		HideSolutionNode = FALSE
	EndGlobalSection
	GlobalSection(ExtensibilityGlobals) = postSolution
		SolutionGuid = {88488B02-132A-495C-A025-489FC09B4960}
	EndGlobalSection
EndGlobal
